{
  "name": "fiveten-components",
  "version": "1.0.0",
  "lockfileVersion": 2,
  "requires": true,
  "packages": {
    "": {
      "name": "fiveten-components",
      "version": "1.0.0",
      "license": "Apache-2.0",
      "workspaces": [
        "packages\\fiveten-heading"
      ],
      "devDependencies": {
        "prettier": "^2.7.1"
      }
    },
    "node_modules/fiveten-heading": {
      "resolved": "packages/fiveten-heading",
      "link": true
    },
    "node_modules/prettier": {
      "version": "2.7.1",
      "resolved": "https://registry.npmjs.org/prettier/-/prettier-2.7.1.tgz",
      "integrity": "sha512-ujppO+MkdPqoVINuDFDRLClm7D78qbDt0/NR+wp5FqEZOoTNAjPHWj17QRhu7geIHJfcNhRk1XVQmF8Bp3ye+g==",
      "dev": true,
      "bin": {
        "prettier": "bin-prettier.js"
      },
      "engines": {
        "node": ">=10.13.0"
      },
      "funding": {
        "url": "https://github.com/prettier/prettier?sponsor=1"
      }
    },
    "packages/fiveten-heading": {
      "version": "1.0.0",
      "license": "Apache-2.0",
      "devDependencies": {}
    }
  },
  "dependencies": {
    "fiveten-heading": {
      "version": "file:packages/fiveten-heading"
    },
    "prettier": {
      "version": "2.7.1",
      "resolved": "https://registry.npmjs.org/prettier/-/prettier-2.7.1.tgz",
      "integrity": "sha512-ujppO+MkdPqoVINuDFDRLClm7D78qbDt0/NR+wp5FqEZOoTNAjPHWj17QRhu7geIHJfcNhRk1XVQmF8Bp3ye+g==",
      "dev": true
    }
  }
}
